// !$*UTF8*$!
{
	archiveVersion = 1;
	classes = {
	};
	objectVersion = 46;
	objects = {

/* Begin PBXBuildFile section */
		34136E851A833F6F00AA0C7E /* AlbertEinsteinStamp.jpg in Resources */ = {isa = PBXBuildFile; fileRef = 34136E841A833F6F00AA0C7E /* AlbertEinsteinStamp.jpg */; };
		341922E51A7B5A1800BFB34D /* AppDelegate.swift in Sources */ = {isa = PBXBuildFile; fileRef = 341922E41A7B5A1800BFB34D /* AppDelegate.swift */; };
		341922E71A7B5A1800BFB34D /* ViewController.swift in Sources */ = {isa = PBXBuildFile; fileRef = 341922E61A7B5A1800BFB34D /* ViewController.swift */; };
		341922EA1A7B5A1800BFB34D /* Main.storyboard in Resources */ = {isa = PBXBuildFile; fileRef = 341922E81A7B5A1800BFB34D /* Main.storyboard */; };
		341922EC1A7B5A1800BFB34D /* Images.xcassets in Resources */ = {isa = PBXBuildFile; fileRef = 341922EB1A7B5A1800BFB34D /* Images.xcassets */; };
		341922EF1A7B5A1800BFB34D /* LaunchScreen.xib in Resources */ = {isa = PBXBuildFile; fileRef = 341922ED1A7B5A1800BFB34D /* LaunchScreen.xib */; };
		341922FB1A7B5A1800BFB34D /* postcardTests.swift in Sources */ = {isa = PBXBuildFile; fileRef = 341922FA1A7B5A1800BFB34D /* postcardTests.swift */; };
		341923051A7B5CBF00BFB34D /* SagradaFamilia.jpeg in Resources */ = {isa = PBXBuildFile; fileRef = 341923041A7B5CBF00BFB34D /* SagradaFamilia.jpeg */; };
/* End PBXBuildFile section */

/* Begin PBXContainerItemProxy section */
		341922F51A7B5A1800BFB34D /* PBXContainerItemProxy */ = {
			isa = PBXContainerItemProxy;
			containerPortal = 341922D71A7B5A1800BFB34D /* Project object */;
			proxyType = 1;
			remoteGlobalIDString = 341922DE1A7B5A1800BFB34D;
			remoteInfo = postcard;
		};
/* End PBXContainerItemProxy section */

/* Begin PBXFileReference section */
		34136E841A833F6F00AA0C7E /* AlbertEinsteinStamp.jpg */ = {isa = PBXFileReference; lastKnownFileType = image.jpeg; path = AlbertEinsteinStamp.jpg; sourceTree = "<group>"; };
		341922DF1A7B5A1800BFB34D /* postcard.app */ = {isa = PBXFileReference; explicitFileType = wrapper.application; includeInIndex = 0; path = postcard.app; sourceTree = BUILT_PRODUCTS_DIR; };
		341922E31A7B5A1800BFB34D /* Info.plist */ = {isa = PBXFileReference; lastKnownFileType = text.plist.xml; path = Info.plist; sourceTree = "<group>"; };
		341922E41A7B5A1800BFB34D /* AppDelegate.swift */ = {isa = PBXFileReference; lastKnownFileType = sourcecode.swift; path = AppDelegate.swift; sourceTree = "<group>"; };
		341922E61A7B5A1800BFB34D /* ViewController.swift */ = {isa = PBXFileReference; lastKnownFileType = sourcecode.swift; path = ViewController.swift; sourceTree = "<group>"; };
		341922E91A7B5A1800BFB34D /* Base */ = {isa = PBXFileReference; lastKnownFileType = file.storyboard; name = Base; path = Base.lproj/Main.storyboard; sourceTree = "<group>"; };
		341922EB1A7B5A1800BFB34D /* Images.xcassets */ = {isa = PBXFileReference; lastKnownFileType = folder.assetcatalog; path = Images.xcassets; sourceTree = "<group>"; };
		341922EE1A7B5A1800BFB34D /* Base */ = {isa = PBXFileReference; lastKnownFileType = file.xib; name = Base; path = Base.lproj/LaunchScreen.xib; sourceTree = "<group>"; };
		341922F41A7B5A1800BFB34D /* postcardTests.xctest */ = {isa = PBXFileReference; explicitFileType = wrapper.cfbundle; includeInIndex = 0; path = postcardTests.xctest; sourceTree = BUILT_PRODUCTS_DIR; };
		341922F91A7B5A1800BFB34D /* Info.plist */ = {isa = PBXFileReference; lastKnownFileType = text.plist.xml; path = Info.plist; sourceTree = "<group>"; };
		341922FA1A7B5A1800BFB34D /* postcardTests.swift */ = {isa = PBXFileReference; lastKnownFileType = sourcecode.swift; path = postcardTests.swift; sourceTree = "<group>"; };
		341923041A7B5CBF00BFB34D /* SagradaFamilia.jpeg */ = {isa = PBXFileReference; lastKnownFileType = image.jpeg; path = SagradaFamilia.jpeg; sourceTree = "<group>"; };
/* End PBXFileReference section */

/* Begin PBXFrameworksBuildPhase section */
		341922DC1A7B5A1800BFB34D /* Frameworks */ = {
			isa = PBXFrameworksBuildPhase;
			buildActionMask = 2147483647;
			files = (
			);
			runOnlyForDeploymentPostprocessing = 0;
		};
		341922F11A7B5A1800BFB34D /* Frameworks */ = {
			isa = PBXFrameworksBuildPhase;
			buildActionMask = 2147483647;
			files = (
			);
			runOnlyForDeploymentPostprocessing = 0;
		};
/* End PBXFrameworksBuildPhase section */

/* Begin PBXGroup section */
		341922D61A7B5A1800BFB34D = {
			isa = PBXGroup;
			children = (
				341922E11A7B5A1800BFB34D /* postcard */,
				341922F71A7B5A1800BFB34D /* postcardTests */,
				341922E01A7B5A1800BFB34D /* Products */,
			);
			sourceTree = "<group>";
		};
		341922E01A7B5A1800BFB34D /* Products */ = {
			isa = PBXGroup;
			children = (
				341922DF1A7B5A1800BFB34D /* postcard.app */,
				341922F41A7B5A1800BFB34D /* postcardTests.xctest */,
			);
			name = Products;
			sourceTree = "<group>";
		};
		341922E11A7B5A1800BFB34D /* postcard */ = {
			isa = PBXGroup;
			children = (
				341922E41A7B5A1800BFB34D /* AppDelegate.swift */,
				341922E61A7B5A1800BFB34D /* ViewController.swift */,
				341922E81A7B5A1800BFB34D /* Main.storyboard */,
				341922EB1A7B5A1800BFB34D /* Images.xcassets */,
				341922ED1A7B5A1800BFB34D /* LaunchScreen.xib */,
				341922E21A7B5A1800BFB34D /* Supporting Files */,
			);
			path = postcard;
			sourceTree = "<group>";
		};
		341922E21A7B5A1800BFB34D /* Supporting Files */ = {
			isa = PBXGroup;
			children = (
				34136E841A833F6F00AA0C7E /* AlbertEinsteinStamp.jpg */,
				341923041A7B5CBF00BFB34D /* SagradaFamilia.jpeg */,
				341922E31A7B5A1800BFB34D /* Info.plist */,
			);
			name = "Supporting Files";
			sourceTree = "<group>";
		};
		341922F71A7B5A1800BFB34D /* postcardTests */ = {
			isa = PBXGroup;
			children = (
				341922FA1A7B5A1800BFB34D /* postcardTests.swift */,
				341922F81A7B5A1800BFB34D /* Supporting Files */,
			);
			path = postcardTests;
			sourceTree = "<group>";
		};
		341922F81A7B5A1800BFB34D /* Supporting Files */ = {
			isa = PBXGroup;
			children = (
				341922F91A7B5A1800BFB34D /* Info.plist */,
			);
			name = "Supporting Files";
			sourceTree = "<group>";
		};
/* End PBXGroup section */

/* Begin PBXNativeTarget section */
		341922DE1A7B5A1800BFB34D /* postcard */ = {
			isa = PBXNativeTarget;
			buildConfigurationList = 341922FE1A7B5A1800BFB34D /* Build configuration list for PBXNativeTarget "postcard" */;
			buildPhases = (
				341922DB1A7B5A1800BFB34D /* Sources */,
				341922DC1A7B5A1800BFB34D /* Frameworks */,
				341922DD1A7B5A1800BFB34D /* Resources */,
			);
			buildRules = (
			);
			dependencies = (
			);
			name = postcard;
			productName = postcard;
			productReference = 341922DF1A7B5A1800BFB34D /* postcard.app */;
			productType = "com.apple.product-type.application";
		};
		341922F31A7B5A1800BFB34D /* postcardTests */ = {
			isa = PBXNativeTarget;
			buildConfigurationList = 341923011A7B5A1800BFB34D /* Build configuration list for PBXNativeTarget "postcardTests" */;
			buildPhases = (
				341922F01A7B5A1800BFB34D /* Sources */,
				341922F11A7B5A1800BFB34D /* Frameworks */,
				341922F21A7B5A1800BFB34D /* Resources */,
			);
			buildRules = (
			);
			dependencies = (
				341922F61A7B5A1800BFB34D /* PBXTargetDependency */,
			);
			name = postcardTests;
			productName = postcardTests;
			productReference = 341922F41A7B5A1800BFB34D /* postcardTests.xctest */;
			productType = "com.apple.product-type.bundle.unit-test";
		};
/* End PBXNativeTarget section */

/* Begin PBXProject section */
		341922D71A7B5A1800BFB34D /* Project object */ = {
			isa = PBXProject;
			attributes = {
				LastUpgradeCheck = 0610;
				ORGANIZATIONNAME = ArabicGeeks;
				TargetAttributes = {
					341922DE1A7B5A1800BFB34D = {
						CreatedOnToolsVersion = 6.1.1;
					};
					341922F31A7B5A1800BFB34D = {
						CreatedOnToolsVersion = 6.1.1;
						TestTargetID = 341922DE1A7B5A1800BFB34D;
					};
				};
			};
			buildConfigurationList = 341922DA1A7B5A1800BFB34D /* Build configuration list for PBXProject "postcard" */;
			compatibilityVersion = "Xcode 3.2";
			developmentRegion = English;
			hasScannedForEncodings = 0;
			knownRegions = (
				en,
				Base,
			);
			mainGroup = 341922D61A7B5A1800BFB34D;
			productRefGroup = 341922E01A7B5A1800BFB34D /* Products */;
			projectDirPath = "";
			projectRoot = "";
			targets = (
				341922DE1A7B5A1800BFB34D /* postcard */,
				341922F31A7B5A1800BFB34D /* postcardTests */,
			);
		};
/* End PBXProject section */

/* Begin PBXResourcesBuildPhase section */
		341922DD1A7B5A1800BFB34D /* Resources */ = {
			isa = PBXResourcesBuildPhase;
			buildActionMask = 2147483647;
			files = (
				341922EA1A7B5A1800BFB34D /* Main.storyboard in Resources */,
				341923051A7B5CBF00BFB34D /* SagradaFamilia.jpeg in Resources */,
				34136E851A833F6F00AA0C7E /* AlbertEinsteinStamp.jpg in Resources */,
				341922EF1A7B5A1800BFB34D /* LaunchScreen.xib in Resources */,
				341922EC1A7B5A1800BFB34D /* Images.xcassets in Resources */,
			);
			runOnlyForDeploymentPostprocessing = 0;
		};
		341922F21A7B5A1800BFB34D /* Resources */ = {
			isa = PBXResourcesBuildPhase;
			buildActionMask = 2147483647;
			files = (
			);
			runOnlyForDeploymentPostprocessing = 0;
		};
/* End PBXResourcesBuildPhase section */

/* Begin PBXSourcesBuildPhase section */
		341922DB1A7B5A1800BFB34D /* Sources */ = {
			isa = PBXSourcesBuildPhase;
			buildActionMask = 2147483647;
			files = (
				341922E71A7B5A1800BFB34D /* ViewController.swift in Sources */,
				341922E51A7B5A1800BFB34D /* AppDelegate.swift in Sources */,
			);
			runOnlyForDeploymentPostprocessing = 0;
		};
		341922F01A7B5A1800BFB34D /* Sources */ = {
			isa = PBXSourcesBuildPhase;
			buildActionMask = 2147483647;
			files = (
				341922FB1A7B5A1800BFB34D /* postcardTests.swift in Sources */,
			);
			runOnlyForDeploymentPostprocessing = 0;
		};
/* End PBXSourcesBuildPhase section */

/* Begin PBXTargetDependency section */
		341922F61A7B5A1800BFB34D /* PBXTargetDependency */ = {
			isa = PBXTargetDependency;
			target = 341922DE1A7B5A1800BFB34D /* postcard */;
			targetProxy = 341922F51A7B5A1800BFB34D /* PBXContainerItemProxy */;
		};
/* End PBXTargetDependency section */

/* Begin PBXVariantGroup section */
		341922E81A7B5A1800BFB34D /* Main.storyboard */ = {
			isa = PBXVariantGroup;
			children = (
				341922E91A7B5A1800BFB34D /* Base */,
			);
			name = Main.storyboard;
			sourceTree = "<group>";
		};
		341922ED1A7B5A1800BFB34D /* LaunchScreen.xib */ = {
			isa = PBXVariantGroup;
			children = (
				341922EE1A7B5A1800BFB34D /* Base */,
			);
			name = LaunchScreen.xib;
			sourceTree = "<group>";
		};
/* End PBXVariantGroup section */

/* Begin XCBuildConfiguration section */
		341922FC1A7B5A1800BFB34D /* Debug */ = {
			isa = XCBuildConfiguration;
			buildSettings = {
				ALWAYS_SEARCH_USER_PATHS = NO;
				CLANG_CXX_LANGUAGE_STANDARD = "gnu++0x";
				CLANG_CXX_LIBRARY = "libc++";
				CLANG_ENABLE_MODULES = YES;
				CLANG_ENABLE_OBJC_ARC = YES;
				CLANG_WARN_BOOL_CONVERSION = YES;
				CLANG_WARN_CONSTANT_CONVERSION = YES;
				CLANG_WARN_DIRECT_OBJC_ISA_USAGE = YES_ERROR;
				CLANG_WARN_EMPTY_BODY = YES;
				CLANG_WARN_ENUM_CONVERSION = YES;
				CLANG_WARN_INT_CONVERSION = YES;
				CLANG_WARN_OBJC_ROOT_CLASS = YES_ERROR;
				CLANG_WARN_UNREACHABLE_CODE = YES;
				CLANG_WARN__DUPLICATE_METHOD_MATCH = YES;
				"CODE_SIGN_IDENTITY[sdk=iphoneos*]" = "iPhone Developer";
				COPY_PHASE_STRIP = NO;
				ENABLE_STRICT_OBJC_MSGSEND = YES;
				GCC_C_LANGUAGE_STANDARD = gnu99;
				GCC_DYNAMIC_NO_PIC = NO;
				GCC_OPTIMIZATION_LEVEL = 0;
				GCC_PREPROCESSOR_DEFINITIONS = (
					"DEBUG=1",
					"$(inherited)",
				);
				GCC_SYMBOLS_PRIVATE_EXTERN = NO;
				GCC_WARN_64_TO_32_BIT_CONVERSION = YES;
				GCC_WARN_ABOUT_RETURN_TYPE = YES_ERROR;
				GCC_WARN_UNDECLARED_SELECTOR = YES;
				GCC_WARN_UNINITIALIZED_AUTOS = YES_AGGRESSIVE;
				GCC_WARN_UNUSED_FUNCTION = YES;
				GCC_WARN_UNUSED_VARIABLE = YES;
				IPHONEOS_DEPLOYMENT_TARGET = 8.1;
				MTL_ENABLE_DEBUG_INFO = YES;
				ONLY_ACTIVE_ARCH = YES;
				SDKROOT = iphoneos;
				SWIFT_OPTIMIZATION_LEVEL = "-Onone";
			};
			name = Debug;
		};
		341922FD1A7B5A1800BFB34D /* Release */ = {
			isa = XCBuildConfiguration;
			buildSettings = {
				ALWAYS_SEARCH_USER_PATHS = NO;
				CLANG_CXX_LANGUAGE_STANDARD = "gnu++0x";
				CLANG_CXX_LIBRARY = "libc++";
				CLANG_ENABLE_MODULES = YES;
				CLANG_ENABLE_OBJC_ARC = YES;
				CLANG_WARN_BOOL_CONVERSION = YES;
				CLANG_WARN_CONSTANT_CONVERSION = YES;
				CLANG_WARN_DIRECT_OBJC_ISA_USAGE = YES_ERROR;
				CLANG_WARN_EMPTY_BODY = YES;
				CLANG_WARN_ENUM_CONVERSION = YES;
				CLANG_WARN_INT_CONVERSION = YES;
				CLANG_WARN_OBJC_ROOT_CLASS = YES_ERROR;
				CLANG_WARN_UNREACHABLE_CODE = YES;
				CLANG_WARN__DUPLICATE_METHOD_MATCH = YES;
				"CODE_SIGN_IDENTITY[sdk=iphoneos*]" = "iPhone Developer";
				COPY_PHASE_STRIP = YES;
				ENABLE_NS_ASSERTIONS = NO;
				ENABLE_STRICT_OBJC_MSGSEND = YES;
				GCC_C_LANGUAGE_STANDARD = gnu99;
				GCC_WARN_64_TO_32_BIT_CONVERSION = YES;
				GCC_WARN_ABOUT_RETURN_TYPE = YES_ERROR;
				GCC_WARN_UNDECLARED_SELECTOR = YES;
				GCC_WARN_UNINITIALIZED_AUTOS = YES_AGGRESSIVE;
				GCC_WARN_UNUSED_FUNCTION = YES;
				GCC_WARN_UNUSED_VARIABLE = YES;
				IPHONEOS_DEPLOYMENT_TARGET = 8.1;
				MTL_ENABLE_DEBUG_INFO = NO;
				SDKROOT = iphoneos;
				VALIDATE_PRODUCT = YES;
			};
			name = Release;
		};
		341922FF1A7B5A1800BFB34D /* Debug */ = {
			isa = XCBuildConfiguration;
			buildSettings = {
				ASSETCATALOG_COMPILER_APPICON_NAME = AppIcon;
				INFOPLIST_FILE = postcard/Info.plist;
				LD_RUNPATH_SEARCH_PATHS = "$(inherited) @executable_path/Frameworks";
				PRODUCT_NAME = "$(TARGET_NAME)";
			};
			name = Debug;
		};
		341923001A7B5A1800BFB34D /* Release */ = {
			isa = XCBuildConfiguration;
			buildSettings = {
				ASSETCATALOG_COMPILER_APPICON_NAME = AppIcon;
				INFOPLIST_FILE = postcard/Info.plist;
				LD_RUNPATH_SEARCH_PATHS = "$(inherited) @executable_path/Frameworks";
				PRODUCT_NAME = "$(TARGET_NAME)";
			};
			name = Release;
		};
		341923021A7B5A1800BFB34D /* Debug */ = {
			isa = XCBuildConfiguration;
			buildSettings = {
				BUNDLE_LOADER = "$(TEST_HOST)";
				FRAMEWORK_SEARCH_PATHS = (
					"$(SDKROOT)/Developer/Library/Frameworks",
					"$(inherited)",
				);
				GCC_PREPROCESSOR_DEFINITIONS = (
					"DEBUG=1",
					"$(inherited)",
				);
				INFOPLIST_FILE = postcardTests/Info.plist;
				LD_RUNPATH_SEARCH_PATHS = "$(inherited) @executable_path/Frameworks @loader_path/Frameworks";
				PRODUCT_NAME = "$(TARGET_NAME)";
				TEST_HOST = "$(BUILT_PRODUCTS_DIR)/postcard.app/postcard";
			};
			name = Debug;
		};
		341923031A7B5A1800BFB34D /* Release */ = {
			isa = XCBuildConfiguration;
			buildSettings = {
				BUNDLE_LOADER = "$(TEST_HOST)";
				FRAMEWORK_SEARCH_PATHS = (
					"$(SDKROOT)/Developer/Library/Frameworks",
					"$(inherited)",
				);
				INFOPLIST_FILE = postcardTests/Info.plist;
				LD_RUNPATH_SEARCH_PATHS = "$(inherited) @executable_path/Frameworks @loader_path/Frameworks";
				PRODUCT_NAME = "$(TARGET_NAME)";
				TEST_HOST = "$(BUILT_PRODUCTS_DIR)/postcard.app/postcard";
			};
			name = Release;
		};
/* End XCBuildConfiguration section */

/* Begin XCConfigurationList section */
		341922DA1A7B5A1800BFB34D /* Build configuration list for PBXProject "postcard" */ = {
			isa = XCConfigurationList;
			buildConfigurations = (
				341922FC1A7B5A1800BFB34D /* Debug */,
				341922FD1A7B5A1800BFB34D /* Release */,
			);
			defaultConfigurationIsVisible = 0;
			defaultConfigurationName = Release;
		};
		341922FE1A7B5A1800BFB34D /* Build configuration list for PBXNativeTarget "postcard" */ = {
			isa = XCConfigurationList;
			buildConfigurations = (
				341922FF1A7B5A1800BFB34D /* Debug */,
				341923001A7B5A1800BFB34D /* Release */,
			);
			defaultConfigurationIsVisible = 0;
			defaultConfigurationName = Release;
		};
		341923011A7B5A1800BFB34D /* Build configuration list for PBXNativeTarget "postcardTests" */ = {
			isa = XCConfigurationList;
			buildConfigurations = (
				341923021A7B5A1800BFB34D /* Debug */,
				341923031A7B5A1800BFB34D /* Release */,
			);
			defaultConfigurationIsVisible = 0;
			defaultConfigurationName = Release;
		};
/* End XCConfigurationList section */
	};
	rootObject = 341922D71A7B5A1800BFB34D /* Project object */;
}
